
Microsoft Visual Studio Solution File, Format Version 12.00
# Visual Studio 15
VisualStudioVersion = 15.0.26430.16
MinimumVisualStudioVersion = 10.0.40219.1
Project("{2150E333-8FDC-42A3-9474-1A3956D46DE8}") = "Adapter", "Adapter", "{AA178F11-4150-44A6-9B83-6180116E79CC}"
EndProject
Project("{FAE04EC0-301F-11D3-BF4B-00C04F79EFBC}") = "HeadedAdapterApp", "control4\HeadedAdapterApp\HeadedAdapterApp.csproj", "{31EB47F3-5810-4439-AB31-99559965C58B}"
EndProject
Project("{FAE04EC0-301F-11D3-BF4B-00C04F79EFBC}") = "AdapterLib", "control4\AdapterLib\AdapterLib.csproj", "{5254F40C-CD4C-48F9-9C55-8040F071F1B4}"
EndProject
Project("{FAE04EC0-301F-11D3-BF4B-00C04F79EFBC}") = "HeadlessAdapterApp", "control4\HeadlessAdapterApp\HeadlessAdapterApp.csproj", "{4C87DC5C-B33B-47D5-B199-EFC20547AA66}"
EndProject
Project("{2150E333-8FDC-42A3-9474-1A3956D46DE8}") = "Platform", "Platform", "{0388051B-763A-4C56-BF00-1B0376990F0A}"
EndProject
Project("{8BC9CEB8-8B4A-11D0-8D11-00A0C91BC942}") = "BackgroundHost.Headed", "control4\BackgroundHost.Headed\BackgroundHost.Headed.vcxproj", "{0184C325-C1DF-4305-B202-324CB0413377}"
EndProject
Global
	GlobalSection(SolutionConfigurationPlatforms) = preSolution
		Debug|Any CPU = Debug|Any CPU
		Debug|ARM = Debug|ARM
		Debug|x64 = Debug|x64
		Debug|x86 = Debug|x86
		Release|Any CPU = Release|Any CPU
		Release|ARM = Release|ARM
		Release|x64 = Release|x64
		Release|x86 = Release|x86
	EndGlobalSection
	GlobalSection(ProjectConfigurationPlatforms) = postSolution
		{31EB47F3-5810-4439-AB31-99559965C58B}.Debug|Any CPU.ActiveCfg = Debug|x86
		{31EB47F3-5810-4439-AB31-99559965C58B}.Debug|ARM.ActiveCfg = Debug|ARM
		{31EB47F3-5810-4439-AB31-99559965C58B}.Debug|ARM.Build.0 = Debug|ARM
		{31EB47F3-5810-4439-AB31-99559965C58B}.Debug|ARM.Deploy.0 = Debug|ARM
		{31EB47F3-5810-4439-AB31-99559965C58B}.Debug|x64.ActiveCfg = Debug|x64
		{31EB47F3-5810-4439-AB31-99559965C58B}.Debug|x64.Build.0 = Debug|x64
		{31EB47F3-5810-4439-AB31-99559965C58B}.Debug|x64.Deploy.0 = Debug|x64
		{31EB47F3-5810-4439-AB31-99559965C58B}.Debug|x86.ActiveCfg = Debug|x86
		{31EB47F3-5810-4439-AB31-99559965C58B}.Debug|x86.Build.0 = Debug|x86
		{31EB47F3-5810-4439-AB31-99559965C58B}.Debug|x86.Deploy.0 = Debug|x86
		{31EB47F3-5810-4439-AB31-99559965C58B}.Release|Any CPU.ActiveCfg = Release|x86
		{31EB47F3-5810-4439-AB31-99559965C58B}.Release|ARM.ActiveCfg = Release|ARM
		{31EB47F3-5810-4439-AB31-99559965C58B}.Release|ARM.Build.0 = Release|ARM
		{31EB47F3-5810-4439-AB31-99559965C58B}.Release|ARM.Deploy.0 = Release|ARM
		{31EB47F3-5810-4439-AB31-99559965C58B}.Release|x64.ActiveCfg = Release|x64
		{31EB47F3-5810-4439-AB31-99559965C58B}.Release|x64.Build.0 = Release|x64
		{31EB47F3-5810-4439-AB31-99559965C58B}.Release|x64.Deploy.0 = Release|x64
		{31EB47F3-5810-4439-AB31-99559965C58B}.Release|x86.ActiveCfg = Release|x86
		{31EB47F3-5810-4439-AB31-99559965C58B}.Release|x86.Build.0 = Release|x86
		{31EB47F3-5810-4439-AB31-99559965C58B}.Release|x86.Deploy.0 = Release|x86
		{5254F40C-CD4C-48F9-9C55-8040F071F1B4}.Debug|Any CPU.ActiveCfg = Debug|Any CPU
		{5254F40C-CD4C-48F9-9C55-8040F071F1B4}.Debug|Any CPU.Build.0 = Debug|Any CPU
		{5254F40C-CD4C-48F9-9C55-8040F071F1B4}.Debug|ARM.ActiveCfg = Debug|ARM
		{5254F40C-CD4C-48F9-9C55-8040F071F1B4}.Debug|ARM.Build.0 = Debug|ARM
		{5254F40C-CD4C-48F9-9C55-8040F071F1B4}.Debug|x64.ActiveCfg = Debug|x64
		{5254F40C-CD4C-48F9-9C55-8040F071F1B4}.Debug|x64.Build.0 = Debug|x64
		{5254F40C-CD4C-48F9-9C55-8040F071F1B4}.Debug|x86.ActiveCfg = Debug|x86
		{5254F40C-CD4C-48F9-9C55-8040F071F1B4}.Debug|x86.Build.0 = Debug|x86
		{5254F40C-CD4C-48F9-9C55-8040F071F1B4}.Release|Any CPU.ActiveCfg = Release|Any CPU
		{5254F40C-CD4C-48F9-9C55-8040F071F1B4}.Release|Any CPU.Build.0 = Release|Any CPU
		{5254F40C-CD4C-48F9-9C55-8040F071F1B4}.Release|ARM.ActiveCfg = Release|ARM
		{5254F40C-CD4C-48F9-9C55-8040F071F1B4}.Release|ARM.Build.0 = Release|ARM
		{5254F40C-CD4C-48F9-9C55-8040F071F1B4}.Release|x64.ActiveCfg = Release|x64
		{5254F40C-CD4C-48F9-9C55-8040F071F1B4}.Release|x64.Build.0 = Release|x64
		{5254F40C-CD4C-48F9-9C55-8040F071F1B4}.Release|x86.ActiveCfg = Release|x86
		{5254F40C-CD4C-48F9-9C55-8040F071F1B4}.Release|x86.Build.0 = Release|x86
		{4C87DC5C-B33B-47D5-B199-EFC20547AA66}.Debug|Any CPU.ActiveCfg = Debug|x86
		{4C87DC5C-B33B-47D5-B199-EFC20547AA66}.Debug|ARM.ActiveCfg = Debug|ARM
		{4C87DC5C-B33B-47D5-B199-EFC20547AA66}.Debug|ARM.Build.0 = Debug|ARM
		{4C87DC5C-B33B-47D5-B199-EFC20547AA66}.Debug|ARM.Deploy.0 = Debug|ARM
		{4C87DC5C-B33B-47D5-B199-EFC20547AA66}.Debug|x64.ActiveCfg = Debug|x64
		{4C87DC5C-B33B-47D5-B199-EFC20547AA66}.Debug|x64.Build.0 = Debug|x64
		{4C87DC5C-B33B-47D5-B199-EFC20547AA66}.Debug|x64.Deploy.0 = Debug|x64
		{4C87DC5C-B33B-47D5-B199-EFC20547AA66}.Debug|x86.ActiveCfg = Debug|x86
		{4C87DC5C-B33B-47D5-B199-EFC20547AA66}.Debug|x86.Build.0 = Debug|x86
		{4C87DC5C-B33B-47D5-B199-EFC20547AA66}.Debug|x86.Deploy.0 = Debug|x86
		{4C87DC5C-B33B-47D5-B199-EFC20547AA66}.Release|Any CPU.ActiveCfg = Release|x86
		{4C87DC5C-B33B-47D5-B199-EFC20547AA66}.Release|ARM.ActiveCfg = Release|ARM
		{4C87DC5C-B33B-47D5-B199-EFC20547AA66}.Release|ARM.Build.0 = Release|ARM
		{4C87DC5C-B33B-47D5-B199-EFC20547AA66}.Release|ARM.Deploy.0 = Release|ARM
		{4C87DC5C-B33B-47D5-B199-EFC20547AA66}.Release|x64.ActiveCfg = Release|x64
		{4C87DC5C-B33B-47D5-B199-EFC20547AA66}.Release|x64.Build.0 = Release|x64
		{4C87DC5C-B33B-47D5-B199-EFC20547AA66}.Release|x64.Deploy.0 = Release|x64
		{4C87DC5C-B33B-47D5-B199-EFC20547AA66}.Release|x86.ActiveCfg = Release|x86
		{4C87DC5C-B33B-47D5-B199-EFC20547AA66}.Release|x86.Build.0 = Release|x86
		{4C87DC5C-B33B-47D5-B199-EFC20547AA66}.Release|x86.Deploy.0 = Release|x86
		{0184C325-C1DF-4305-B202-324CB0413377}.Debug|Any CPU.ActiveCfg = Debug|Win32
		{0184C325-C1DF-4305-B202-324CB0413377}.Debug|ARM.ActiveCfg = Debug|ARM
		{0184C325-C1DF-4305-B202-324CB0413377}.Debug|ARM.Build.0 = Debug|ARM
		{0184C325-C1DF-4305-B202-324CB0413377}.Debug|x64.ActiveCfg = Debug|x64
		{0184C325-C1DF-4305-B202-324CB0413377}.Debug|x64.Build.0 = Debug|x64
		{0184C325-C1DF-4305-B202-324CB0413377}.Debug|x86.ActiveCfg = Debug|Win32
		{0184C325-C1DF-4305-B202-324CB0413377}.Debug|x86.Build.0 = Debug|Win32
		{0184C325-C1DF-4305-B202-324CB0413377}.Release|Any CPU.ActiveCfg = Release|Win32
		{0184C325-C1DF-4305-B202-324CB0413377}.Release|ARM.ActiveCfg = Release|ARM
		{0184C325-C1DF-4305-B202-324CB0413377}.Release|ARM.Build.0 = Release|ARM
		{0184C325-C1DF-4305-B202-324CB0413377}.Release|x64.ActiveCfg = Release|x64
		{0184C325-C1DF-4305-B202-324CB0413377}.Release|x64.Build.0 = Release|x64
		{0184C325-C1DF-4305-B202-324CB0413377}.Release|x86.ActiveCfg = Release|Win32
		{0184C325-C1DF-4305-B202-324CB0413377}.Release|x86.Build.0 = Release|Win32
	EndGlobalSection
	GlobalSection(SolutionProperties) = preSolution
		HideSolutionNode = FALSE
	EndGlobalSection
	GlobalSection(NestedProjects) = preSolution
		{31EB47F3-5810-4439-AB31-99559965C58B} = {AA178F11-4150-44A6-9B83-6180116E79CC}
		{5254F40C-CD4C-48F9-9C55-8040F071F1B4} = {AA178F11-4150-44A6-9B83-6180116E79CC}
		{4C87DC5C-B33B-47D5-B199-EFC20547AA66} = {AA178F11-4150-44A6-9B83-6180116E79CC}
		{0184C325-C1DF-4305-B202-324CB0413377} = {0388051B-763A-4C56-BF00-1B0376990F0A}
	EndGlobalSection
EndGlobal
